
Microsoft Visual Studio Solution File, Format Version 12.00
# Visual Studio Version 16
VisualStudioVersion = 16.0.31005.135
MinimumVisualStudioVersion = 10.0.40219.1
Project("{9A19103F-16F7-4668-BE54-9A1E7A4F7556}") = "WebApi", "WebApi\WebApi.csproj", "{76EBE12E-5A72-4E4A-81D9-3A9DC902E1C2}"
EndProject
Global
	GlobalSection(SolutionConfigurationPlatforms) = preSolution
		Debug|Any CPU = Debug|Any CPU
		Release|Any CPU = Release|Any CPU
	EndGlobalSection
	GlobalSection(ProjectConfigurationPlatforms) = postSolution
		{76EBE12E-5A72-4E4A-81D9-3A9DC902E1C2}.Debug|Any CPU.ActiveCfg = Debug|Any CPU
		{76EBE12E-5A72-4E4A-81D9-3A9DC902E1C2}.Debug|Any CPU.Build.0 = Debug|Any CPU
		{76EBE12E-5A72-4E4A-81D9-3A9DC902E1C2}.Release|Any CPU.ActiveCfg = Release|Any CPU
		{76EBE12E-5A72-4E4A-81D9-3A9DC902E1C2}.Release|Any CPU.Build.0 = Release|Any CPU
	EndGlobalSection
	GlobalSection(SolutionProperties) = preSolution
		HideSolutionNode = FALSE
	EndGlobalSection
	GlobalSection(ExtensibilityGlobals) = postSolution
		SolutionGuid = {BFE9CD67-DF28-4088-8718-5D5CA4612384}
	EndGlobalSection
EndGlobal
